
Microsoft Visual Studio Solution File, Format Version 12.00
# Visual Studio 15
VisualStudioVersion = 15.0.27428.2027
MinimumVisualStudioVersion = 10.0.40219.1
Project("{FAE04EC0-301F-11D3-BF4B-00C04F79EFBC}") = "FS_Helper", "FS_Helper\FS_Helper.csproj", "{118F4E4A-C8B2-49F5-824A-0230F1EC08B6}"
EndProject
Global
	GlobalSection(SolutionConfigurationPlatforms) = preSolution
		Debug|Any CPU = Debug|Any CPU
		Release|Any CPU = Release|Any CPU
	EndGlobalSection
	GlobalSection(ProjectConfigurationPlatforms) = postSolution
		{118F4E4A-C8B2-49F5-824A-0230F1EC08B6}.Debug|Any CPU.ActiveCfg = Debug|Any CPU
		{118F4E4A-C8B2-49F5-824A-0230F1EC08B6}.Debug|Any CPU.Build.0 = Debug|Any CPU
		{118F4E4A-C8B2-49F5-824A-0230F1EC08B6}.Release|Any CPU.ActiveCfg = Release|Any CPU
		{118F4E4A-C8B2-49F5-824A-0230F1EC08B6}.Release|Any CPU.Build.0 = Release|Any CPU
	EndGlobalSection
	GlobalSection(SolutionProperties) = preSolution
		HideSolutionNode = FALSE
	EndGlobalSection
	GlobalSection(ExtensibilityGlobals) = postSolution
		SolutionGuid = {A656B7B2-CBEC-47AA-A450-6B4D3026E21C}
	EndGlobalSection
EndGlobal
